
Microsoft Visual Studio Solution File, Format Version 12.00
# Visual Studio Version 16
VisualStudioVersion = 16.0.30104.148
MinimumVisualStudioVersion = 10.0.40219.1
Project("{2150E333-8FDC-42A3-9474-1A3956D46DE8}") = "Cadastros", "Cadastros", "{77B9516E-90B8-43F8-BA3E-9DD33BD4A142}"
EndProject
Project("{2150E333-8FDC-42A3-9474-1A3956D46DE8}") = "Servicos", "Servicos", "{54AFC550-A7A6-4D66-B011-601016767A57}"
EndProject
Project("{2150E333-8FDC-42A3-9474-1A3956D46DE8}") = "Vendas", "Vendas", "{4A82762E-420C-40E9-873E-22626EC1267E}"
EndProject
Project("{2150E333-8FDC-42A3-9474-1A3956D46DE8}") = "Application", "Application", "{D6278247-8184-4F78-B906-B00411762884}"
EndProject
Project("{2150E333-8FDC-42A3-9474-1A3956D46DE8}") = "Business", "Business", "{E2D8FE02-087E-406D-9652-2CC02A64AD5C}"
EndProject
Project("{2150E333-8FDC-42A3-9474-1A3956D46DE8}") = "Infra", "Infra", "{C38BACE7-159B-4DFD-AB31-0CCD743BE4F1}"
EndProject
Project("{2150E333-8FDC-42A3-9474-1A3956D46DE8}") = "1. Shared Kernel", "1. Shared Kernel", "{CB7139D2-C1F0-4A37-A351-9560591F6AB6}"
EndProject
Project("{9A19103F-16F7-4668-BE54-9A1E7A4F7556}") = "PetShop.SharedKernel.Base", "PetShop.SharedKernel.Base\PetShop.SharedKernel.Base.csproj", "{999EBC74-C5B0-488B-9FEE-E7FA8AD35F21}"
EndProject
Project("{9A19103F-16F7-4668-BE54-9A1E7A4F7556}") = "PetShop.Cadastros.Domain", "PetShop.Cadastros.Domain\PetShop.Cadastros.Domain.csproj", "{932945CD-A45E-4133-BBAD-D4620FAD63D7}"
EndProject
Project("{2150E333-8FDC-42A3-9474-1A3956D46DE8}") = "Tests", "Tests", "{FFFBFC87-CE3B-46EA-8619-99FC66AEC1FD}"
EndProject
Project("{9A19103F-16F7-4668-BE54-9A1E7A4F7556}") = "UnitTestes.Domain", "UnitTestes.Domain\UnitTestes.Domain.csproj", "{087F487A-2E44-468A-BD26-1E76863D0C79}"
EndProject
Project("{9A19103F-16F7-4668-BE54-9A1E7A4F7556}") = "PetShop.Cadastros.Application", "PetShop.Cadastros.Application\PetShop.Cadastros.Application.csproj", "{310690F4-59E1-4293-B28F-A549936F2085}"
EndProject
Project("{9A19103F-16F7-4668-BE54-9A1E7A4F7556}") = "PetShop.Cadastros.Data", "PetShop.Cadastros.Data\PetShop.Cadastros.Data.csproj", "{F8D6055B-D7F5-4C51-BB4C-527B42F3F451}"
EndProject
Project("{9A19103F-16F7-4668-BE54-9A1E7A4F7556}") = "IntegrationTests", "IntegrationTests\IntegrationTests.csproj", "{04BC60BC-184D-4C6D-83C1-68FB1ED2D1FA}"
EndProject
Project("{2150E333-8FDC-42A3-9474-1A3956D46DE8}") = "Application", "Application", "{00D56967-565D-4767-834D-FD8F4ABFA7A2}"
EndProject
Project("{2150E333-8FDC-42A3-9474-1A3956D46DE8}") = "Business", "Business", "{89E40987-523C-4824-8772-B463DF28BA19}"
EndProject
Project("{2150E333-8FDC-42A3-9474-1A3956D46DE8}") = "Infra", "Infra", "{82933606-DF6E-47B9-8693-3951A4ACEF31}"
EndProject
Project("{2150E333-8FDC-42A3-9474-1A3956D46DE8}") = "Tests", "Tests", "{0729A3E8-54B4-4BDE-AAEA-A09B4D3C6ED1}"
EndProject
Project("{9A19103F-16F7-4668-BE54-9A1E7A4F7556}") = "PetShop.Servicos.Domain", "PetShop.Servicos.Domain\PetShop.Servicos.Domain.csproj", "{F9953B68-5EB4-404C-9F2E-5B26FF135D4F}"
EndProject
Project("{9A19103F-16F7-4668-BE54-9A1E7A4F7556}") = "ProcedimentoUnitTestes", "ProcedimentoUnitTestes\ProcedimentoUnitTestes.csproj", "{1FD057E2-096B-47EE-B218-494CAD8DA64B}"
EndProject
Project("{9A19103F-16F7-4668-BE54-9A1E7A4F7556}") = "PetShop.Servicos.Application", "PetShop.Servicos.Application\PetShop.Servicos.Application.csproj", "{D070E2F8-9BE3-4F25-B5ED-A16B42625A64}"
EndProject
Project("{FAE04EC0-301F-11D3-BF4B-00C04F79EFBC}") = "PetShop.Procedimento.Data", "PetShop.Procedimento.Data\PetShop.Procedimento.Data.csproj", "{CF7160EB-9DBF-4BF0-BF72-EACDDEC29CD1}"
EndProject
Project("{FAE04EC0-301F-11D3-BF4B-00C04F79EFBC}") = "IntegrationTests", "ProcedimentoIntegrationTests\IntegrationTests.csproj", "{076F7B19-7952-4A1B-B976-F696F45590CE}"
EndProject
Project("{FAE04EC0-301F-11D3-BF4B-00C04F79EFBC}") = "PetShop.Procedimento.EmailProviderMok", "PetShop.Procedimento.EmailProviderMok\PetShop.Procedimento.EmailProviderMok.csproj", "{73009A84-9159-4A78-8131-026A8AEADE4F}"
EndProject
Global
	GlobalSection(SolutionConfigurationPlatforms) = preSolution
		Debug|Any CPU = Debug|Any CPU
		Release|Any CPU = Release|Any CPU
	EndGlobalSection
	GlobalSection(ProjectConfigurationPlatforms) = postSolution
		{999EBC74-C5B0-488B-9FEE-E7FA8AD35F21}.Debug|Any CPU.ActiveCfg = Debug|Any CPU
		{999EBC74-C5B0-488B-9FEE-E7FA8AD35F21}.Debug|Any CPU.Build.0 = Debug|Any CPU
		{999EBC74-C5B0-488B-9FEE-E7FA8AD35F21}.Release|Any CPU.ActiveCfg = Release|Any CPU
		{999EBC74-C5B0-488B-9FEE-E7FA8AD35F21}.Release|Any CPU.Build.0 = Release|Any CPU
		{932945CD-A45E-4133-BBAD-D4620FAD63D7}.Debug|Any CPU.ActiveCfg = Debug|Any CPU
		{932945CD-A45E-4133-BBAD-D4620FAD63D7}.Debug|Any CPU.Build.0 = Debug|Any CPU
		{932945CD-A45E-4133-BBAD-D4620FAD63D7}.Release|Any CPU.ActiveCfg = Release|Any CPU
		{932945CD-A45E-4133-BBAD-D4620FAD63D7}.Release|Any CPU.Build.0 = Release|Any CPU
		{087F487A-2E44-468A-BD26-1E76863D0C79}.Debug|Any CPU.ActiveCfg = Debug|Any CPU
		{087F487A-2E44-468A-BD26-1E76863D0C79}.Debug|Any CPU.Build.0 = Debug|Any CPU
		{087F487A-2E44-468A-BD26-1E76863D0C79}.Release|Any CPU.ActiveCfg = Release|Any CPU
		{087F487A-2E44-468A-BD26-1E76863D0C79}.Release|Any CPU.Build.0 = Release|Any CPU
		{310690F4-59E1-4293-B28F-A549936F2085}.Debug|Any CPU.ActiveCfg = Debug|Any CPU
		{310690F4-59E1-4293-B28F-A549936F2085}.Debug|Any CPU.Build.0 = Debug|Any CPU
		{310690F4-59E1-4293-B28F-A549936F2085}.Release|Any CPU.ActiveCfg = Release|Any CPU
		{310690F4-59E1-4293-B28F-A549936F2085}.Release|Any CPU.Build.0 = Release|Any CPU
		{F8D6055B-D7F5-4C51-BB4C-527B42F3F451}.Debug|Any CPU.ActiveCfg = Debug|Any CPU
		{F8D6055B-D7F5-4C51-BB4C-527B42F3F451}.Debug|Any CPU.Build.0 = Debug|Any CPU
		{F8D6055B-D7F5-4C51-BB4C-527B42F3F451}.Release|Any CPU.ActiveCfg = Release|Any CPU
		{F8D6055B-D7F5-4C51-BB4C-527B42F3F451}.Release|Any CPU.Build.0 = Release|Any CPU
		{04BC60BC-184D-4C6D-83C1-68FB1ED2D1FA}.Debug|Any CPU.ActiveCfg = Debug|Any CPU
		{04BC60BC-184D-4C6D-83C1-68FB1ED2D1FA}.Debug|Any CPU.Build.0 = Debug|Any CPU
		{04BC60BC-184D-4C6D-83C1-68FB1ED2D1FA}.Release|Any CPU.ActiveCfg = Release|Any CPU
		{04BC60BC-184D-4C6D-83C1-68FB1ED2D1FA}.Release|Any CPU.Build.0 = Release|Any CPU
		{F9953B68-5EB4-404C-9F2E-5B26FF135D4F}.Debug|Any CPU.ActiveCfg = Debug|Any CPU
		{F9953B68-5EB4-404C-9F2E-5B26FF135D4F}.Debug|Any CPU.Build.0 = Debug|Any CPU
		{F9953B68-5EB4-404C-9F2E-5B26FF135D4F}.Release|Any CPU.ActiveCfg = Release|Any CPU
		{F9953B68-5EB4-404C-9F2E-5B26FF135D4F}.Release|Any CPU.Build.0 = Release|Any CPU
		{1FD057E2-096B-47EE-B218-494CAD8DA64B}.Debug|Any CPU.ActiveCfg = Debug|Any CPU
		{1FD057E2-096B-47EE-B218-494CAD8DA64B}.Debug|Any CPU.Build.0 = Debug|Any CPU
		{1FD057E2-096B-47EE-B218-494CAD8DA64B}.Release|Any CPU.ActiveCfg = Release|Any CPU
		{1FD057E2-096B-47EE-B218-494CAD8DA64B}.Release|Any CPU.Build.0 = Release|Any CPU
		{D070E2F8-9BE3-4F25-B5ED-A16B42625A64}.Debug|Any CPU.ActiveCfg = Debug|Any CPU
		{D070E2F8-9BE3-4F25-B5ED-A16B42625A64}.Debug|Any CPU.Build.0 = Debug|Any CPU
		{D070E2F8-9BE3-4F25-B5ED-A16B42625A64}.Release|Any CPU.ActiveCfg = Release|Any CPU
		{D070E2F8-9BE3-4F25-B5ED-A16B42625A64}.Release|Any CPU.Build.0 = Release|Any CPU
		{CF7160EB-9DBF-4BF0-BF72-EACDDEC29CD1}.Debug|Any CPU.ActiveCfg = Debug|Any CPU
		{CF7160EB-9DBF-4BF0-BF72-EACDDEC29CD1}.Debug|Any CPU.Build.0 = Debug|Any CPU
		{CF7160EB-9DBF-4BF0-BF72-EACDDEC29CD1}.Release|Any CPU.ActiveCfg = Release|Any CPU
		{CF7160EB-9DBF-4BF0-BF72-EACDDEC29CD1}.Release|Any CPU.Build.0 = Release|Any CPU
		{076F7B19-7952-4A1B-B976-F696F45590CE}.Debug|Any CPU.ActiveCfg = Debug|Any CPU
		{076F7B19-7952-4A1B-B976-F696F45590CE}.Debug|Any CPU.Build.0 = Debug|Any CPU
		{076F7B19-7952-4A1B-B976-F696F45590CE}.Release|Any CPU.ActiveCfg = Release|Any CPU
		{076F7B19-7952-4A1B-B976-F696F45590CE}.Release|Any CPU.Build.0 = Release|Any CPU
		{73009A84-9159-4A78-8131-026A8AEADE4F}.Debug|Any CPU.ActiveCfg = Debug|Any CPU
		{73009A84-9159-4A78-8131-026A8AEADE4F}.Debug|Any CPU.Build.0 = Debug|Any CPU
		{73009A84-9159-4A78-8131-026A8AEADE4F}.Release|Any CPU.ActiveCfg = Release|Any CPU
		{73009A84-9159-4A78-8131-026A8AEADE4F}.Release|Any CPU.Build.0 = Release|Any CPU
	EndGlobalSection
	GlobalSection(SolutionProperties) = preSolution
		HideSolutionNode = FALSE
	EndGlobalSection
	GlobalSection(NestedProjects) = preSolution
		{77B9516E-90B8-43F8-BA3E-9DD33BD4A142} = {CB7139D2-C1F0-4A37-A351-9560591F6AB6}
		{D6278247-8184-4F78-B906-B00411762884} = {77B9516E-90B8-43F8-BA3E-9DD33BD4A142}
		{E2D8FE02-087E-406D-9652-2CC02A64AD5C} = {77B9516E-90B8-43F8-BA3E-9DD33BD4A142}
		{C38BACE7-159B-4DFD-AB31-0CCD743BE4F1} = {77B9516E-90B8-43F8-BA3E-9DD33BD4A142}
		{999EBC74-C5B0-488B-9FEE-E7FA8AD35F21} = {CB7139D2-C1F0-4A37-A351-9560591F6AB6}
		{932945CD-A45E-4133-BBAD-D4620FAD63D7} = {E2D8FE02-087E-406D-9652-2CC02A64AD5C}
		{FFFBFC87-CE3B-46EA-8619-99FC66AEC1FD} = {77B9516E-90B8-43F8-BA3E-9DD33BD4A142}
		{087F487A-2E44-468A-BD26-1E76863D0C79} = {FFFBFC87-CE3B-46EA-8619-99FC66AEC1FD}
		{310690F4-59E1-4293-B28F-A549936F2085} = {D6278247-8184-4F78-B906-B00411762884}
		{F8D6055B-D7F5-4C51-BB4C-527B42F3F451} = {C38BACE7-159B-4DFD-AB31-0CCD743BE4F1}
		{04BC60BC-184D-4C6D-83C1-68FB1ED2D1FA} = {FFFBFC87-CE3B-46EA-8619-99FC66AEC1FD}
		{00D56967-565D-4767-834D-FD8F4ABFA7A2} = {54AFC550-A7A6-4D66-B011-601016767A57}
		{89E40987-523C-4824-8772-B463DF28BA19} = {54AFC550-A7A6-4D66-B011-601016767A57}
		{82933606-DF6E-47B9-8693-3951A4ACEF31} = {54AFC550-A7A6-4D66-B011-601016767A57}
		{0729A3E8-54B4-4BDE-AAEA-A09B4D3C6ED1} = {54AFC550-A7A6-4D66-B011-601016767A57}
		{F9953B68-5EB4-404C-9F2E-5B26FF135D4F} = {89E40987-523C-4824-8772-B463DF28BA19}
		{1FD057E2-096B-47EE-B218-494CAD8DA64B} = {0729A3E8-54B4-4BDE-AAEA-A09B4D3C6ED1}
		{D070E2F8-9BE3-4F25-B5ED-A16B42625A64} = {00D56967-565D-4767-834D-FD8F4ABFA7A2}
		{CF7160EB-9DBF-4BF0-BF72-EACDDEC29CD1} = {82933606-DF6E-47B9-8693-3951A4ACEF31}
		{076F7B19-7952-4A1B-B976-F696F45590CE} = {0729A3E8-54B4-4BDE-AAEA-A09B4D3C6ED1}
		{73009A84-9159-4A78-8131-026A8AEADE4F} = {82933606-DF6E-47B9-8693-3951A4ACEF31}
	EndGlobalSection
	GlobalSection(ExtensibilityGlobals) = postSolution
		SolutionGuid = {418C7CB0-0843-4BFA-B8B7-C322D7C43F1C}
	EndGlobalSection
EndGlobal
